
Microsoft Visual Studio Solution File, Format Version 12.00
# Visual Studio Version 17
VisualStudioVersion = 17.1.32210.238
MinimumVisualStudioVersion = 10.0.40219.1
Project("{9A19103F-16F7-4668-BE54-9A1E7A4F7556}") = "BookingComUIAndMetaweatherAPITests", "BookingComUIAndMetaweatherAPITests\BookingComUIAndMetaweatherAPITests.csproj", "{DE273A9E-4C9D-44D3-A555-CBEEF9B5E0C4}"
EndProject
Global
	GlobalSection(SolutionConfigurationPlatforms) = preSolution
		Debug|Any CPU = Debug|Any CPU
		Release|Any CPU = Release|Any CPU
	EndGlobalSection
	GlobalSection(ProjectConfigurationPlatforms) = postSolution
		{DE273A9E-4C9D-44D3-A555-CBEEF9B5E0C4}.Debug|Any CPU.ActiveCfg = Debug|Any CPU
		{DE273A9E-4C9D-44D3-A555-CBEEF9B5E0C4}.Debug|Any CPU.Build.0 = Debug|Any CPU
		{DE273A9E-4C9D-44D3-A555-CBEEF9B5E0C4}.Release|Any CPU.ActiveCfg = Release|Any CPU
		{DE273A9E-4C9D-44D3-A555-CBEEF9B5E0C4}.Release|Any CPU.Build.0 = Release|Any CPU
	EndGlobalSection
	GlobalSection(SolutionProperties) = preSolution
		HideSolutionNode = FALSE
	EndGlobalSection
	GlobalSection(ExtensibilityGlobals) = postSolution
		SolutionGuid = {A10641CB-F901-4700-9D6F-35E9008440C0}
	EndGlobalSection
EndGlobal
